
Microsoft Visual Studio Solution File, Format Version 12.00
# Visual Studio 15
VisualStudioVersion = 15.0.28307.779
MinimumVisualStudioVersion = 10.0.40219.1
Project("{8BC9CEB8-8B4A-11D0-8D11-00A0C91BC942}") = "Ukrainsky_Andrei_quadratic_equation", "Ukrainsky_Andrei_quadratic_equation\Ukrainsky_Andrei_quadratic_equation.vcxproj", "{920500A6-152B-429C-A2A0-68588FA7CD07}"
EndProject
Global
	GlobalSection(SolutionConfigurationPlatforms) = preSolution
		Debug|x64 = Debug|x64
		Debug|x86 = Debug|x86
		Release|x64 = Release|x64
		Release|x86 = Release|x86
	EndGlobalSection
	GlobalSection(ProjectConfigurationPlatforms) = postSolution
		{920500A6-152B-429C-A2A0-68588FA7CD07}.Debug|x64.ActiveCfg = Debug|x64
		{920500A6-152B-429C-A2A0-68588FA7CD07}.Debug|x64.Build.0 = Debug|x64
		{920500A6-152B-429C-A2A0-68588FA7CD07}.Debug|x86.ActiveCfg = Debug|Win32
		{920500A6-152B-429C-A2A0-68588FA7CD07}.Debug|x86.Build.0 = Debug|Win32
		{920500A6-152B-429C-A2A0-68588FA7CD07}.Release|x64.ActiveCfg = Release|x64
		{920500A6-152B-429C-A2A0-68588FA7CD07}.Release|x64.Build.0 = Release|x64
		{920500A6-152B-429C-A2A0-68588FA7CD07}.Release|x86.ActiveCfg = Release|Win32
		{920500A6-152B-429C-A2A0-68588FA7CD07}.Release|x86.Build.0 = Release|Win32
	EndGlobalSection
	GlobalSection(SolutionProperties) = preSolution
		HideSolutionNode = FALSE
	EndGlobalSection
	GlobalSection(ExtensibilityGlobals) = postSolution
		SolutionGuid = {5F64FC92-FAB0-4D5B-89F4-070E8EE540AD}
	EndGlobalSection
EndGlobal
